// !$*UTF8*$!
{
	archiveVersion = 1;
	classes = {
	};
	objectVersion = 55;
	objects = {

/* Begin PBXBuildFile section */
		3341C75B297F2863008D61E1 /* SettingsTimeViewController.swift in Sources */ = {isa = PBXBuildFile; fileRef = 3341C75A297F2863008D61E1 /* SettingsTimeViewController.swift */; };
		3341C75E297F2C79008D61E1 /* SettingsTimeViewModel.swift in Sources */ = {isa = PBXBuildFile; fileRef = 3341C75D297F2C79008D61E1 /* SettingsTimeViewModel.swift */; };
		33657F82296475D300680536 /* MainViewModel.swift in Sources */ = {isa = PBXBuildFile; fileRef = 33657F81296475D300680536 /* MainViewModel.swift */; };
		33BFA57E29859822000DDD5D /* SettingsCountButton.swift in Sources */ = {isa = PBXBuildFile; fileRef = 33BFA57D29859822000DDD5D /* SettingsCountButton.swift */; };
		33BFA58029859973000DDD5D /* UIView+Extension.swift in Sources */ = {isa = PBXBuildFile; fileRef = 33BFA57F29859973000DDD5D /* UIView+Extension.swift */; };
		33DD5519296B2D1D0068F79B /* SettingsGameViewModel.swift in Sources */ = {isa = PBXBuildFile; fileRef = 33DD5518296B2D1D0068F79B /* SettingsGameViewModel.swift */; };
		33DD551B296B46490068F79B /* TappableButton.swift in Sources */ = {isa = PBXBuildFile; fileRef = 33DD551A296B46490068F79B /* TappableButton.swift */; };
		33E3AEB7294E5B02000E0C03 /* SettingsGameViewController.swift in Sources */ = {isa = PBXBuildFile; fileRef = 33E3AEB6294E5B02000E0C03 /* SettingsGameViewController.swift */; };
		644FDBFF28AAF6FE0097F55D /* SettingsCellType.swift in Sources */ = {isa = PBXBuildFile; fileRef = 644FDBFE28AAF6FE0097F55D /* SettingsCellType.swift */; };
		64871D5028A989C00004B773 /* AppDelegate.swift in Sources */ = {isa = PBXBuildFile; fileRef = 64871D4F28A989C00004B773 /* AppDelegate.swift */; };
		64871D5228A989C00004B773 /* SceneDelegate.swift in Sources */ = {isa = PBXBuildFile; fileRef = 64871D5128A989C00004B773 /* SceneDelegate.swift */; };
		64871D5428A989C00004B773 /* MainViewController.swift in Sources */ = {isa = PBXBuildFile; fileRef = 64871D5328A989C00004B773 /* MainViewController.swift */; };
		64871D5A28A989C00004B773 /* SpyGameiOS.xcdatamodeld in Sources */ = {isa = PBXBuildFile; fileRef = 64871D5828A989C00004B773 /* SpyGameiOS.xcdatamodeld */; };
		64871D5C28A989C30004B773 /* Assets.xcassets in Resources */ = {isa = PBXBuildFile; fileRef = 64871D5B28A989C30004B773 /* Assets.xcassets */; };
		64871D5F28A989C30004B773 /* LaunchScreen.storyboard in Resources */ = {isa = PBXBuildFile; fileRef = 64871D5D28A989C30004B773 /* LaunchScreen.storyboard */; };
		64871D6C28A990EE0004B773 /* Configurable.swift in Sources */ = {isa = PBXBuildFile; fileRef = 64871D6928A990EE0004B773 /* Configurable.swift */; };
		64871D6D28A990EE0004B773 /* BaseViewController.swift in Sources */ = {isa = PBXBuildFile; fileRef = 64871D6A28A990EE0004B773 /* BaseViewController.swift */; };
		64871D6E28A990EE0004B773 /* BaseConstants.swift in Sources */ = {isa = PBXBuildFile; fileRef = 64871D6B28A990EE0004B773 /* BaseConstants.swift */; };
		64871D7328A993670004B773 /* Localizable.strings in Resources */ = {isa = PBXBuildFile; fileRef = 64871D7528A993670004B773 /* Localizable.strings */; };
		64871D7E28A995210004B773 /* Strings+Generated.swift in Sources */ = {isa = PBXBuildFile; fileRef = 64871D7928A995210004B773 /* Strings+Generated.swift */; };
		64871D7F28A995210004B773 /* Fonts+Generated.swift in Sources */ = {isa = PBXBuildFile; fileRef = 64871D7A28A995210004B773 /* Fonts+Generated.swift */; };
		64871D8028A995210004B773 /* XCAssets+Generated.swift in Sources */ = {isa = PBXBuildFile; fileRef = 64871D7B28A995210004B773 /* XCAssets+Generated.swift */; };
		64871D8128A995210004B773 /* IB-Scenes+Generated.swift in Sources */ = {isa = PBXBuildFile; fileRef = 64871D7C28A995210004B773 /* IB-Scenes+Generated.swift */; };
		64871D8228A995210004B773 /* IB-Segues+Generated.swift in Sources */ = {isa = PBXBuildFile; fileRef = 64871D7D28A995210004B773 /* IB-Segues+Generated.swift */; };
		64BB429829BDF93600B3317A /* StartGameButton.swift in Sources */ = {isa = PBXBuildFile; fileRef = 64BB429729BDF93600B3317A /* StartGameButton.swift */; };
		64BB42A029BE368D00B3317A /* BaseViewModel.swift in Sources */ = {isa = PBXBuildFile; fileRef = 64BB429F29BE368D00B3317A /* BaseViewModel.swift */; };
		64BB42A229BE37E700B3317A /* Category.swift in Sources */ = {isa = PBXBuildFile; fileRef = 64BB42A129BE37E700B3317A /* Category.swift */; };
		64BB42A429BE3B1300B3317A /* CategoriesViewModel.swift in Sources */ = {isa = PBXBuildFile; fileRef = 64BB42A329BE3B1200B3317A /* CategoriesViewModel.swift */; };
		64F0D321297D62A700728750 /* CategoriesViewCell.swift in Sources */ = {isa = PBXBuildFile; fileRef = 64F0D320297D62A700728750 /* CategoriesViewCell.swift */; };
		64F0D325297D929400728750 /* AutoTableView.swift in Sources */ = {isa = PBXBuildFile; fileRef = 64F0D324297D929400728750 /* AutoTableView.swift */; };
		64F0D327297D93F300728750 /* CategoryViewCell.swift in Sources */ = {isa = PBXBuildFile; fileRef = 64F0D326297D93F300728750 /* CategoryViewCell.swift */; };
		64F0D329297D987F00728750 /* Collection+Extension.swift in Sources */ = {isa = PBXBuildFile; fileRef = 64F0D328297D987F00728750 /* Collection+Extension.swift */; };
		64F8F5F4296459C900477407 /* Tappable.swift in Sources */ = {isa = PBXBuildFile; fileRef = 64F8F5F3296459C900477407 /* Tappable.swift */; };
		7DE9EAE86547A52B88FFB77C /* Pods_SpyGameiOS.framework in Frameworks */ = {isa = PBXBuildFile; fileRef = 6AD0D9AAA4A666D0623D23D3 /* Pods_SpyGameiOS.framework */; };
		CE7CA78128AD3395001320AD /* InfoPlist.strings in Resources */ = {isa = PBXBuildFile; fileRef = CE7CA78328AD3395001320AD /* InfoPlist.strings */; };
		CE7CA78728AD5F67001320AD /* HeaderMainView.swift in Sources */ = {isa = PBXBuildFile; fileRef = CE7CA78628AD5F67001320AD /* HeaderMainView.swift */; };
		CEE8667228A99E65006AC0FB /* SettingsTableViewCell.swift in Sources */ = {isa = PBXBuildFile; fileRef = CEE8667128A99E65006AC0FB /* SettingsTableViewCell.swift */; };
		CEE8667928AA6570006AC0FB /* Montserrat-Regular.ttf in Resources */ = {isa = PBXBuildFile; fileRef = CEE8667528AA6570006AC0FB /* Montserrat-Regular.ttf */; };
		CEE8667A28AA6570006AC0FB /* Montserrat-Medium.ttf in Resources */ = {isa = PBXBuildFile; fileRef = CEE8667628AA6570006AC0FB /* Montserrat-Medium.ttf */; };
		CEE8667B28AA6570006AC0FB /* Montserrat-Bold.ttf in Resources */ = {isa = PBXBuildFile; fileRef = CEE8667728AA6570006AC0FB /* Montserrat-Bold.ttf */; };
		CEE8667C28AA6570006AC0FB /* Montserrat-SemiBold.ttf in Resources */ = {isa = PBXBuildFile; fileRef = CEE8667828AA6570006AC0FB /* Montserrat-SemiBold.ttf */; };
/* End PBXBuildFile section */

/* Begin PBXFileReference section */
		3341C75A297F2863008D61E1 /* SettingsTimeViewController.swift */ = {isa = PBXFileReference; lastKnownFileType = sourcecode.swift; path = SettingsTimeViewController.swift; sourceTree = "<group>"; };
		3341C75D297F2C79008D61E1 /* SettingsTimeViewModel.swift */ = {isa = PBXFileReference; lastKnownFileType = sourcecode.swift; path = SettingsTimeViewModel.swift; sourceTree = "<group>"; };
		33657F81296475D300680536 /* MainViewModel.swift */ = {isa = PBXFileReference; lastKnownFileType = sourcecode.swift; path = MainViewModel.swift; sourceTree = "<group>"; };
		33BFA57D29859822000DDD5D /* SettingsCountButton.swift */ = {isa = PBXFileReference; fileEncoding = 4; lastKnownFileType = sourcecode.swift; path = SettingsCountButton.swift; sourceTree = "<group>"; };
		33BFA57F29859973000DDD5D /* UIView+Extension.swift */ = {isa = PBXFileReference; fileEncoding = 4; lastKnownFileType = sourcecode.swift; path = "UIView+Extension.swift"; sourceTree = "<group>"; };
		33DD5518296B2D1D0068F79B /* SettingsGameViewModel.swift */ = {isa = PBXFileReference; lastKnownFileType = sourcecode.swift; path = SettingsGameViewModel.swift; sourceTree = "<group>"; };
		33DD551A296B46490068F79B /* TappableButton.swift */ = {isa = PBXFileReference; lastKnownFileType = sourcecode.swift; path = TappableButton.swift; sourceTree = "<group>"; };
		33E3AEB6294E5B02000E0C03 /* SettingsGameViewController.swift */ = {isa = PBXFileReference; lastKnownFileType = sourcecode.swift; path = SettingsGameViewController.swift; sourceTree = "<group>"; };
		433FC07363D81E5A1D472859 /* Pods-SpyGameiOS.debug.xcconfig */ = {isa = PBXFileReference; includeInIndex = 1; lastKnownFileType = text.xcconfig; name = "Pods-SpyGameiOS.debug.xcconfig"; path = "Target Support Files/Pods-SpyGameiOS/Pods-SpyGameiOS.debug.xcconfig"; sourceTree = "<group>"; };
		4360E8475BB1DFC6325BDD72 /* Pods-SpyGameiOS.release.xcconfig */ = {isa = PBXFileReference; includeInIndex = 1; lastKnownFileType = text.xcconfig; name = "Pods-SpyGameiOS.release.xcconfig"; path = "Target Support Files/Pods-SpyGameiOS/Pods-SpyGameiOS.release.xcconfig"; sourceTree = "<group>"; };
		644FDBFE28AAF6FE0097F55D /* SettingsCellType.swift */ = {isa = PBXFileReference; lastKnownFileType = sourcecode.swift; path = SettingsCellType.swift; sourceTree = "<group>"; };
		64871D4C28A989C00004B773 /* SpyGameiOS.app */ = {isa = PBXFileReference; explicitFileType = wrapper.application; includeInIndex = 0; path = SpyGameiOS.app; sourceTree = BUILT_PRODUCTS_DIR; };
		64871D4F28A989C00004B773 /* AppDelegate.swift */ = {isa = PBXFileReference; lastKnownFileType = sourcecode.swift; path = AppDelegate.swift; sourceTree = "<group>"; };
		64871D5128A989C00004B773 /* SceneDelegate.swift */ = {isa = PBXFileReference; lastKnownFileType = sourcecode.swift; path = SceneDelegate.swift; sourceTree = "<group>"; };
		64871D5328A989C00004B773 /* MainViewController.swift */ = {isa = PBXFileReference; lastKnownFileType = sourcecode.swift; path = MainViewController.swift; sourceTree = "<group>"; };
		64871D5928A989C00004B773 /* SpyGameiOS.xcdatamodel */ = {isa = PBXFileReference; lastKnownFileType = wrapper.xcdatamodel; path = SpyGameiOS.xcdatamodel; sourceTree = "<group>"; };
		64871D5B28A989C30004B773 /* Assets.xcassets */ = {isa = PBXFileReference; lastKnownFileType = folder.assetcatalog; path = Assets.xcassets; sourceTree = "<group>"; };
		64871D5E28A989C30004B773 /* Base */ = {isa = PBXFileReference; lastKnownFileType = file.storyboard; name = Base; path = Base.lproj/LaunchScreen.storyboard; sourceTree = "<group>"; };
		64871D6028A989C30004B773 /* Info.plist */ = {isa = PBXFileReference; lastKnownFileType = text.plist.xml; path = Info.plist; sourceTree = "<group>"; };
		64871D6928A990EE0004B773 /* Configurable.swift */ = {isa = PBXFileReference; fileEncoding = 4; lastKnownFileType = sourcecode.swift; path = Configurable.swift; sourceTree = "<group>"; };
		64871D6A28A990EE0004B773 /* BaseViewController.swift */ = {isa = PBXFileReference; fileEncoding = 4; lastKnownFileType = sourcecode.swift; path = BaseViewController.swift; sourceTree = "<group>"; };
		64871D6B28A990EE0004B773 /* BaseConstants.swift */ = {isa = PBXFileReference; fileEncoding = 4; lastKnownFileType = sourcecode.swift; path = BaseConstants.swift; sourceTree = "<group>"; };
		64871D7428A993670004B773 /* en */ = {isa = PBXFileReference; lastKnownFileType = text.plist.strings; name = en; path = en.lproj/Localizable.strings; sourceTree = "<group>"; };
		64871D7628A993890004B773 /* ru */ = {isa = PBXFileReference; lastKnownFileType = text.plist.strings; name = ru; path = ru.lproj/Localizable.strings; sourceTree = "<group>"; };
		64871D7928A995210004B773 /* Strings+Generated.swift */ = {isa = PBXFileReference; fileEncoding = 4; lastKnownFileType = sourcecode.swift; path = "Strings+Generated.swift"; sourceTree = "<group>"; };
		64871D7A28A995210004B773 /* Fonts+Generated.swift */ = {isa = PBXFileReference; fileEncoding = 4; lastKnownFileType = sourcecode.swift; path = "Fonts+Generated.swift"; sourceTree = "<group>"; };
		64871D7B28A995210004B773 /* XCAssets+Generated.swift */ = {isa = PBXFileReference; fileEncoding = 4; lastKnownFileType = sourcecode.swift; path = "XCAssets+Generated.swift"; sourceTree = "<group>"; };
		64871D7C28A995210004B773 /* IB-Scenes+Generated.swift */ = {isa = PBXFileReference; fileEncoding = 4; lastKnownFileType = sourcecode.swift; path = "IB-Scenes+Generated.swift"; sourceTree = "<group>"; };
		64871D7D28A995210004B773 /* IB-Segues+Generated.swift */ = {isa = PBXFileReference; fileEncoding = 4; lastKnownFileType = sourcecode.swift; path = "IB-Segues+Generated.swift"; sourceTree = "<group>"; };
		64BB429729BDF93600B3317A /* StartGameButton.swift */ = {isa = PBXFileReference; lastKnownFileType = sourcecode.swift; path = StartGameButton.swift; sourceTree = "<group>"; };
		64BB429F29BE368D00B3317A /* BaseViewModel.swift */ = {isa = PBXFileReference; lastKnownFileType = sourcecode.swift; path = BaseViewModel.swift; sourceTree = "<group>"; };
		64BB42A129BE37E700B3317A /* Category.swift */ = {isa = PBXFileReference; lastKnownFileType = sourcecode.swift; path = Category.swift; sourceTree = "<group>"; };
		64BB42A329BE3B1200B3317A /* CategoriesViewModel.swift */ = {isa = PBXFileReference; lastKnownFileType = sourcecode.swift; path = CategoriesViewModel.swift; sourceTree = "<group>"; };
		64F0D320297D62A700728750 /* CategoriesViewCell.swift */ = {isa = PBXFileReference; lastKnownFileType = sourcecode.swift; path = CategoriesViewCell.swift; sourceTree = "<group>"; };
		64F0D324297D929400728750 /* AutoTableView.swift */ = {isa = PBXFileReference; lastKnownFileType = sourcecode.swift; path = AutoTableView.swift; sourceTree = "<group>"; };
		64F0D326297D93F300728750 /* CategoryViewCell.swift */ = {isa = PBXFileReference; lastKnownFileType = sourcecode.swift; path = CategoryViewCell.swift; sourceTree = "<group>"; };
		64F0D328297D987F00728750 /* Collection+Extension.swift */ = {isa = PBXFileReference; lastKnownFileType = sourcecode.swift; path = "Collection+Extension.swift"; sourceTree = "<group>"; };
		64F8F5F3296459C900477407 /* Tappable.swift */ = {isa = PBXFileReference; fileEncoding = 4; lastKnownFileType = sourcecode.swift; path = Tappable.swift; sourceTree = "<group>"; };
		6AD0D9AAA4A666D0623D23D3 /* Pods_SpyGameiOS.framework */ = {isa = PBXFileReference; explicitFileType = wrapper.framework; includeInIndex = 0; path = Pods_SpyGameiOS.framework; sourceTree = BUILT_PRODUCTS_DIR; };
		CE7CA78228AD3395001320AD /* en */ = {isa = PBXFileReference; lastKnownFileType = text.plist.strings; name = en; path = en.lproj/InfoPlist.strings; sourceTree = "<group>"; };
		CE7CA78428AD3398001320AD /* ru */ = {isa = PBXFileReference; lastKnownFileType = text.plist.strings; name = ru; path = ru.lproj/InfoPlist.strings; sourceTree = "<group>"; };
		CE7CA78628AD5F67001320AD /* HeaderMainView.swift */ = {isa = PBXFileReference; lastKnownFileType = sourcecode.swift; path = HeaderMainView.swift; sourceTree = "<group>"; };
		CEE8667128A99E65006AC0FB /* SettingsTableViewCell.swift */ = {isa = PBXFileReference; lastKnownFileType = sourcecode.swift; path = SettingsTableViewCell.swift; sourceTree = "<group>"; };
		CEE8667528AA6570006AC0FB /* Montserrat-Regular.ttf */ = {isa = PBXFileReference; lastKnownFileType = file; path = "Montserrat-Regular.ttf"; sourceTree = "<group>"; };
		CEE8667628AA6570006AC0FB /* Montserrat-Medium.ttf */ = {isa = PBXFileReference; lastKnownFileType = file; path = "Montserrat-Medium.ttf"; sourceTree = "<group>"; };
		CEE8667728AA6570006AC0FB /* Montserrat-Bold.ttf */ = {isa = PBXFileReference; lastKnownFileType = file; path = "Montserrat-Bold.ttf"; sourceTree = "<group>"; };
		CEE8667828AA6570006AC0FB /* Montserrat-SemiBold.ttf */ = {isa = PBXFileReference; lastKnownFileType = file; path = "Montserrat-SemiBold.ttf"; sourceTree = "<group>"; };
/* End PBXFileReference section */

/* Begin PBXFrameworksBuildPhase section */
		64871D4928A989C00004B773 /* Frameworks */ = {
			isa = PBXFrameworksBuildPhase;
			buildActionMask = 2147483647;
			files = (
				7DE9EAE86547A52B88FFB77C /* Pods_SpyGameiOS.framework in Frameworks */,
			);
			runOnlyForDeploymentPostprocessing = 0;
		};
/* End PBXFrameworksBuildPhase section */

/* Begin PBXGroup section */
		1F3A4D2B0C4CA30E69CB9D52 /* Frameworks */ = {
			isa = PBXGroup;
			children = (
				6AD0D9AAA4A666D0623D23D3 /* Pods_SpyGameiOS.framework */,
			);
			name = Frameworks;
			sourceTree = "<group>";
		};
		3341C759297F284E008D61E1 /* SettingsTime */ = {
			isa = PBXGroup;
			children = (
				3341C75C297F2C6B008D61E1 /* ViewModel */,
				3341C75A297F2863008D61E1 /* SettingsTimeViewController.swift */,
			);
			path = SettingsTime;
			sourceTree = "<group>";
		};
		3341C75C297F2C6B008D61E1 /* ViewModel */ = {
			isa = PBXGroup;
			children = (
				3341C75D297F2C79008D61E1 /* SettingsTimeViewModel.swift */,
			);
			path = ViewModel;
			sourceTree = "<group>";
		};
		33BFA57C29859815000DDD5D /* SettingsCountButton */ = {
			isa = PBXGroup;
			children = (
				33BFA57D29859822000DDD5D /* SettingsCountButton.swift */,
			);
			path = SettingsCountButton;
			sourceTree = "<group>";
		};
		33DD5517296B2D0D0068F79B /* ViewModel */ = {
			isa = PBXGroup;
			children = (
				33DD5518296B2D1D0068F79B /* SettingsGameViewModel.swift */,
			);
			path = ViewModel;
			sourceTree = "<group>";
		};
		33E3AEB5294E5AF2000E0C03 /* SettingsGame */ = {
			isa = PBXGroup;
			children = (
				33BFA57C29859815000DDD5D /* SettingsCountButton */,
				33DD5517296B2D0D0068F79B /* ViewModel */,
				33E3AEB6294E5B02000E0C03 /* SettingsGameViewController.swift */,
			);
			path = SettingsGame;
			sourceTree = "<group>";
		};
		33E3AEB8294E5CA4000E0C03 /* Extensions */ = {
			isa = PBXGroup;
			children = (
				64F0D328297D987F00728750 /* Collection+Extension.swift */,
				33BFA57F29859973000DDD5D /* UIView+Extension.swift */,
			);
			path = Extensions;
			sourceTree = "<group>";
		};
		644FDBFD28AAF6BC0097F55D /* Models */ = {
			isa = PBXGroup;
			children = (
				644FDBFE28AAF6FE0097F55D /* SettingsCellType.swift */,
			);
			path = Models;
			sourceTree = "<group>";
		};
		64871D4328A989C00004B773 = {
			isa = PBXGroup;
			children = (
				64871D4E28A989C00004B773 /* SpyGameiOS */,
				64871D4D28A989C00004B773 /* Products */,
				A71A5C05372C22D2AAD0BCB2 /* Pods */,
				1F3A4D2B0C4CA30E69CB9D52 /* Frameworks */,
			);
			sourceTree = "<group>";
		};
		64871D4D28A989C00004B773 /* Products */ = {
			isa = PBXGroup;
			children = (
				64871D4C28A989C00004B773 /* SpyGameiOS.app */,
			);
			name = Products;
			sourceTree = "<group>";
		};
		64871D4E28A989C00004B773 /* SpyGameiOS */ = {
			isa = PBXGroup;
			children = (
				64871D4F28A989C00004B773 /* AppDelegate.swift */,
				64871D5128A989C00004B773 /* SceneDelegate.swift */,
				644FDBFD28AAF6BC0097F55D /* Models */,
				CE329E2728AE6C7B00508E25 /* Helpers */,
				64871D6828A98E310004B773 /* Screens */,
				64871D6728A98DFF0004B773 /* Resources */,
				64871D6628A98DEF0004B773 /* Core */,
				64871D6028A989C30004B773 /* Info.plist */,
				CE7CA78328AD3395001320AD /* InfoPlist.strings */,
			);
			path = SpyGameiOS;
			sourceTree = "<group>";
		};
		64871D6628A98DEF0004B773 /* Core */ = {
			isa = PBXGroup;
			children = (
				64F8F5F3296459C900477407 /* Tappable.swift */,
				33DD551A296B46490068F79B /* TappableButton.swift */,
				64871D6B28A990EE0004B773 /* BaseConstants.swift */,
				64871D6A28A990EE0004B773 /* BaseViewController.swift */,
				64871D6928A990EE0004B773 /* Configurable.swift */,
				64F0D324297D929400728750 /* AutoTableView.swift */,
				64BB429F29BE368D00B3317A /* BaseViewModel.swift */,
			);
			path = Core;
			sourceTree = "<group>";
		};
		64871D6728A98DFF0004B773 /* Resources */ = {
			isa = PBXGroup;
			children = (
				CEE8667028A9982A006AC0FB /* Fonts */,
				64871D6F28A992F30004B773 /* Generated */,
				64871D7028A993200004B773 /* Strings */,
				64871D5828A989C00004B773 /* SpyGameiOS.xcdatamodeld */,
				64871D5B28A989C30004B773 /* Assets.xcassets */,
			);
			path = Resources;
			sourceTree = "<group>";
		};
		64871D6828A98E310004B773 /* Screens */ = {
			isa = PBXGroup;
			children = (
				CEE8667D28AA7EBE006AC0FB /* Main */,
				33E3AEB5294E5AF2000E0C03 /* SettingsGame */,
				3341C759297F284E008D61E1 /* SettingsTime */,
				64871D5D28A989C30004B773 /* LaunchScreen.storyboard */,
			);
			path = Screens;
			sourceTree = "<group>";
		};
		64871D6F28A992F30004B773 /* Generated */ = {
			isa = PBXGroup;
			children = (
				64871D7A28A995210004B773 /* Fonts+Generated.swift */,
				64871D7C28A995210004B773 /* IB-Scenes+Generated.swift */,
				64871D7D28A995210004B773 /* IB-Segues+Generated.swift */,
				64871D7928A995210004B773 /* Strings+Generated.swift */,
				64871D7B28A995210004B773 /* XCAssets+Generated.swift */,
			);
			path = Generated;
			sourceTree = "<group>";
		};
		64871D7028A993200004B773 /* Strings */ = {
			isa = PBXGroup;
			children = (
				64871D7528A993670004B773 /* Localizable.strings */,
			);
			path = Strings;
			sourceTree = "<group>";
		};
		64BB429929BE1DA000B3317A /* View */ = {
			isa = PBXGroup;
			children = (
				CEE8667E28AA7EC7006AC0FB /* Cells */,
				CE7CA78628AD5F67001320AD /* HeaderMainView.swift */,
				64BB429729BDF93600B3317A /* StartGameButton.swift */,
				64871D5328A989C00004B773 /* MainViewController.swift */,
			);
			path = View;
			sourceTree = "<group>";
		};
		64BB429A29BE1DA900B3317A /* Model */ = {
			isa = PBXGroup;
			children = (
				64BB42A129BE37E700B3317A /* Category.swift */,
			);
			path = Model;
			sourceTree = "<group>";
		};
		64BB429B29BE1DB200B3317A /* ViewModel */ = {
			isa = PBXGroup;
			children = (
				33657F81296475D300680536 /* MainViewModel.swift */,
			);
			path = ViewModel;
			sourceTree = "<group>";
		};
		64BB429C29BE35D800B3317A /* Categories */ = {
			isa = PBXGroup;
			children = (
				64BB42A329BE3B1200B3317A /* CategoriesViewModel.swift */,
				64F0D320297D62A700728750 /* CategoriesViewCell.swift */,
				64F0D326297D93F300728750 /* CategoryViewCell.swift */,
			);
			path = Categories;
			sourceTree = "<group>";
		};
		64BB42A529BE52B300B3317A /* Settings */ = {
			isa = PBXGroup;
			children = (
				CEE8667128A99E65006AC0FB /* SettingsTableViewCell.swift */,
			);
			path = Settings;
			sourceTree = "<group>";
		};
		A71A5C05372C22D2AAD0BCB2 /* Pods */ = {
			isa = PBXGroup;
			children = (
				433FC07363D81E5A1D472859 /* Pods-SpyGameiOS.debug.xcconfig */,
				4360E8475BB1DFC6325BDD72 /* Pods-SpyGameiOS.release.xcconfig */,
			);
			path = Pods;
			sourceTree = "<group>";
		};
		CE329E2728AE6C7B00508E25 /* Helpers */ = {
			isa = PBXGroup;
			children = (
				33E3AEB8294E5CA4000E0C03 /* Extensions */,
			);
			path = Helpers;
			sourceTree = "<group>";
		};
		CEE8667028A9982A006AC0FB /* Fonts */ = {
			isa = PBXGroup;
			children = (
				CEE8667728AA6570006AC0FB /* Montserrat-Bold.ttf */,
				CEE8667628AA6570006AC0FB /* Montserrat-Medium.ttf */,
				CEE8667528AA6570006AC0FB /* Montserrat-Regular.ttf */,
				CEE8667828AA6570006AC0FB /* Montserrat-SemiBold.ttf */,
			);
			path = Fonts;
			sourceTree = "<group>";
		};
		CEE8667D28AA7EBE006AC0FB /* Main */ = {
			isa = PBXGroup;
			children = (
				64BB429B29BE1DB200B3317A /* ViewModel */,
				64BB429A29BE1DA900B3317A /* Model */,
				64BB429929BE1DA000B3317A /* View */,
			);
			path = Main;
			sourceTree = "<group>";
		};
		CEE8667E28AA7EC7006AC0FB /* Cells */ = {
			isa = PBXGroup;
			children = (
				64BB42A529BE52B300B3317A /* Settings */,
				64BB429C29BE35D800B3317A /* Categories */,
			);
			path = Cells;
			sourceTree = "<group>";
		};
/* End PBXGroup section */

/* Begin PBXNativeTarget section */
		64871D4B28A989C00004B773 /* SpyGameiOS */ = {
			isa = PBXNativeTarget;
			buildConfigurationList = 64871D6328A989C30004B773 /* Build configuration list for PBXNativeTarget "SpyGameiOS" */;
			buildPhases = (
				887D529ED0967495F04357BD /* [CP] Check Pods Manifest.lock */,
				64871D7728A994340004B773 /* SwiftGen */,
				64871D4828A989C00004B773 /* Sources */,
				64871D4928A989C00004B773 /* Frameworks */,
				64871D4A28A989C00004B773 /* Resources */,
				B0036975513F0A94CF71D071 /* [CP] Embed Pods Frameworks */,
			);
			buildRules = (
			);
			dependencies = (
			);
			name = SpyGameiOS;
			productName = SpyGameiOS;
			productReference = 64871D4C28A989C00004B773 /* SpyGameiOS.app */;
			productType = "com.apple.product-type.application";
		};
/* End PBXNativeTarget section */

/* Begin PBXProject section */
		64871D4428A989C00004B773 /* Project object */ = {
			isa = PBXProject;
			attributes = {
				BuildIndependentTargetsInParallel = 1;
				LastSwiftUpdateCheck = 1340;
				LastUpgradeCheck = 1340;
				TargetAttributes = {
					64871D4B28A989C00004B773 = {
						CreatedOnToolsVersion = 13.4.1;
					};
				};
			};
			buildConfigurationList = 64871D4728A989C00004B773 /* Build configuration list for PBXProject "SpyGameiOS" */;
			compatibilityVersion = "Xcode 13.0";
			developmentRegion = en;
			hasScannedForEncodings = 0;
			knownRegions = (
				en,
				Base,
				ru,
			);
			mainGroup = 64871D4328A989C00004B773;
			productRefGroup = 64871D4D28A989C00004B773 /* Products */;
			projectDirPath = "";
			projectRoot = "";
			targets = (
				64871D4B28A989C00004B773 /* SpyGameiOS */,
			);
		};
/* End PBXProject section */

/* Begin PBXResourcesBuildPhase section */
		64871D4A28A989C00004B773 /* Resources */ = {
			isa = PBXResourcesBuildPhase;
			buildActionMask = 2147483647;
			files = (
				CEE8667928AA6570006AC0FB /* Montserrat-Regular.ttf in Resources */,
				CE7CA78128AD3395001320AD /* InfoPlist.strings in Resources */,
				CEE8667A28AA6570006AC0FB /* Montserrat-Medium.ttf in Resources */,
				CEE8667B28AA6570006AC0FB /* Montserrat-Bold.ttf in Resources */,
				CEE8667C28AA6570006AC0FB /* Montserrat-SemiBold.ttf in Resources */,
				64871D5F28A989C30004B773 /* LaunchScreen.storyboard in Resources */,
				64871D7328A993670004B773 /* Localizable.strings in Resources */,
				64871D5C28A989C30004B773 /* Assets.xcassets in Resources */,
			);
			runOnlyForDeploymentPostprocessing = 0;
		};
/* End PBXResourcesBuildPhase section */

/* Begin PBXShellScriptBuildPhase section */
		64871D7728A994340004B773 /* SwiftGen */ = {
			isa = PBXShellScriptBuildPhase;
			buildActionMask = 2147483647;
			files = (
			);
			inputFileListPaths = (
			);
			inputPaths = (
			);
			name = SwiftGen;
			outputFileListPaths = (
			);
			outputPaths = (
			);
			runOnlyForDeploymentPostprocessing = 0;
			shellPath = /bin/sh;
			shellScript = "\"$PODS_ROOT\"/SwiftGen/bin/swiftgen\n";
		};
		887D529ED0967495F04357BD /* [CP] Check Pods Manifest.lock */ = {
			isa = PBXShellScriptBuildPhase;
			buildActionMask = 2147483647;
			files = (
			);
			inputFileListPaths = (
			);
			inputPaths = (
				"${PODS_PODFILE_DIR_PATH}/Podfile.lock",
				"${PODS_ROOT}/Manifest.lock",
			);
			name = "[CP] Check Pods Manifest.lock";
			outputFileListPaths = (
			);
			outputPaths = (
				"$(DERIVED_FILE_DIR)/Pods-SpyGameiOS-checkManifestLockResult.txt",
			);
			runOnlyForDeploymentPostprocessing = 0;
			shellPath = /bin/sh;
			shellScript = "diff \"${PODS_PODFILE_DIR_PATH}/Podfile.lock\" \"${PODS_ROOT}/Manifest.lock\" > /dev/null\nif [ $? != 0 ] ; then\n    # print error to STDERR\n    echo \"error: The sandbox is not in sync with the Podfile.lock. Run 'pod install' or update your CocoaPods installation.\" >&2\n    exit 1\nfi\n# This output is used by Xcode 'outputs' to avoid re-running this script phase.\necho \"SUCCESS\" > \"${SCRIPT_OUTPUT_FILE_0}\"\n";
			showEnvVarsInLog = 0;
		};
		B0036975513F0A94CF71D071 /* [CP] Embed Pods Frameworks */ = {
			isa = PBXShellScriptBuildPhase;
			buildActionMask = 2147483647;
			files = (
			);
			inputFileListPaths = (
				"${PODS_ROOT}/Target Support Files/Pods-SpyGameiOS/Pods-SpyGameiOS-frameworks-${CONFIGURATION}-input-files.xcfilelist",
			);
			name = "[CP] Embed Pods Frameworks";
			outputFileListPaths = (
				"${PODS_ROOT}/Target Support Files/Pods-SpyGameiOS/Pods-SpyGameiOS-frameworks-${CONFIGURATION}-output-files.xcfilelist",
			);
			runOnlyForDeploymentPostprocessing = 0;
			shellPath = /bin/sh;
			shellScript = "\"${PODS_ROOT}/Target Support Files/Pods-SpyGameiOS/Pods-SpyGameiOS-frameworks.sh\"\n";
			showEnvVarsInLog = 0;
		};
/* End PBXShellScriptBuildPhase section */

/* Begin PBXSourcesBuildPhase section */
		64871D4828A989C00004B773 /* Sources */ = {
			isa = PBXSourcesBuildPhase;
			buildActionMask = 2147483647;
			files = (
				64871D7F28A995210004B773 /* Fonts+Generated.swift in Sources */,
				64871D6C28A990EE0004B773 /* Configurable.swift in Sources */,
				64871D6E28A990EE0004B773 /* BaseConstants.swift in Sources */,
				64871D5A28A989C00004B773 /* SpyGameiOS.xcdatamodeld in Sources */,
				33BFA57E29859822000DDD5D /* SettingsCountButton.swift in Sources */,
				64BB429829BDF93600B3317A /* StartGameButton.swift in Sources */,
				64BB42A429BE3B1300B3317A /* CategoriesViewModel.swift in Sources */,
				64BB42A229BE37E700B3317A /* Category.swift in Sources */,
				64871D5428A989C00004B773 /* MainViewController.swift in Sources */,
				64871D8028A995210004B773 /* XCAssets+Generated.swift in Sources */,
				64871D5028A989C00004B773 /* AppDelegate.swift in Sources */,
				3341C75E297F2C79008D61E1 /* SettingsTimeViewModel.swift in Sources */,
				64871D8128A995210004B773 /* IB-Scenes+Generated.swift in Sources */,
				33DD551B296B46490068F79B /* TappableButton.swift in Sources */,
				33DD5519296B2D1D0068F79B /* SettingsGameViewModel.swift in Sources */,
				33E3AEB7294E5B02000E0C03 /* SettingsGameViewController.swift in Sources */,
				CE7CA78728AD5F67001320AD /* HeaderMainView.swift in Sources */,
				64F0D329297D987F00728750 /* Collection+Extension.swift in Sources */,
				64F0D327297D93F300728750 /* CategoryViewCell.swift in Sources */,
				64871D5228A989C00004B773 /* SceneDelegate.swift in Sources */,
				64871D7E28A995210004B773 /* Strings+Generated.swift in Sources */,
				64BB42A029BE368D00B3317A /* BaseViewModel.swift in Sources */,
				33657F82296475D300680536 /* MainViewModel.swift in Sources */,
				64F8F5F4296459C900477407 /* Tappable.swift in Sources */,
				64871D8228A995210004B773 /* IB-Segues+Generated.swift in Sources */,
				64871D6D28A990EE0004B773 /* BaseViewController.swift in Sources */,
				3341C75B297F2863008D61E1 /* SettingsTimeViewController.swift in Sources */,
				644FDBFF28AAF6FE0097F55D /* SettingsCellType.swift in Sources */,
				33BFA58029859973000DDD5D /* UIView+Extension.swift in Sources */,
				CEE8667228A99E65006AC0FB /* SettingsTableViewCell.swift in Sources */,
				64F0D325297D929400728750 /* AutoTableView.swift in Sources */,
				64F0D321297D62A700728750 /* CategoriesViewCell.swift in Sources */,
			);
			runOnlyForDeploymentPostprocessing = 0;
		};
/* End PBXSourcesBuildPhase section */

/* Begin PBXVariantGroup section */
		64871D5D28A989C30004B773 /* LaunchScreen.storyboard */ = {
			isa = PBXVariantGroup;
			children = (
				64871D5E28A989C30004B773 /* Base */,
			);
			name = LaunchScreen.storyboard;
			sourceTree = "<group>";
		};
		64871D7528A993670004B773 /* Localizable.strings */ = {
			isa = PBXVariantGroup;
			children = (
				64871D7428A993670004B773 /* en */,
				64871D7628A993890004B773 /* ru */,
			);
			name = Localizable.strings;
			sourceTree = "<group>";
		};
		CE7CA78328AD3395001320AD /* InfoPlist.strings */ = {
			isa = PBXVariantGroup;
			children = (
				CE7CA78228AD3395001320AD /* en */,
				CE7CA78428AD3398001320AD /* ru */,
			);
			name = InfoPlist.strings;
			sourceTree = "<group>";
		};
/* End PBXVariantGroup section */

/* Begin XCBuildConfiguration section */
		64871D6128A989C30004B773 /* Debug */ = {
			isa = XCBuildConfiguration;
			buildSettings = {
				ALWAYS_SEARCH_USER_PATHS = NO;
				CLANG_ANALYZER_LOCALIZABILITY_NONLOCALIZED = YES;
				CLANG_ANALYZER_NONNULL = YES;
				CLANG_ANALYZER_NUMBER_OBJECT_CONVERSION = YES_AGGRESSIVE;
				CLANG_CXX_LANGUAGE_STANDARD = "gnu++17";
				CLANG_ENABLE_MODULES = YES;
				CLANG_ENABLE_OBJC_ARC = YES;
				CLANG_ENABLE_OBJC_WEAK = YES;
				CLANG_WARN_BLOCK_CAPTURE_AUTORELEASING = YES;
				CLANG_WARN_BOOL_CONVERSION = YES;
				CLANG_WARN_COMMA = YES;
				CLANG_WARN_CONSTANT_CONVERSION = YES;
				CLANG_WARN_DEPRECATED_OBJC_IMPLEMENTATIONS = YES;
				CLANG_WARN_DIRECT_OBJC_ISA_USAGE = YES_ERROR;
				CLANG_WARN_DOCUMENTATION_COMMENTS = YES;
				CLANG_WARN_EMPTY_BODY = YES;
				CLANG_WARN_ENUM_CONVERSION = YES;
				CLANG_WARN_INFINITE_RECURSION = YES;
				CLANG_WARN_INT_CONVERSION = YES;
				CLANG_WARN_NON_LITERAL_NULL_CONVERSION = YES;
				CLANG_WARN_OBJC_IMPLICIT_RETAIN_SELF = YES;
				CLANG_WARN_OBJC_LITERAL_CONVERSION = YES;
				CLANG_WARN_OBJC_ROOT_CLASS = YES_ERROR;
				CLANG_WARN_QUOTED_INCLUDE_IN_FRAMEWORK_HEADER = YES;
				CLANG_WARN_RANGE_LOOP_ANALYSIS = YES;
				CLANG_WARN_STRICT_PROTOTYPES = YES;
				CLANG_WARN_SUSPICIOUS_MOVE = YES;
				CLANG_WARN_UNGUARDED_AVAILABILITY = YES_AGGRESSIVE;
				CLANG_WARN_UNREACHABLE_CODE = YES;
				CLANG_WARN__DUPLICATE_METHOD_MATCH = YES;
				COPY_PHASE_STRIP = NO;
				DEBUG_INFORMATION_FORMAT = dwarf;
				ENABLE_STRICT_OBJC_MSGSEND = YES;
				ENABLE_TESTABILITY = YES;
				GCC_C_LANGUAGE_STANDARD = gnu11;
				GCC_DYNAMIC_NO_PIC = NO;
				GCC_NO_COMMON_BLOCKS = YES;
				GCC_OPTIMIZATION_LEVEL = 0;
				GCC_PREPROCESSOR_DEFINITIONS = (
					"DEBUG=1",
					"$(inherited)",
				);
				GCC_WARN_64_TO_32_BIT_CONVERSION = YES;
				GCC_WARN_ABOUT_RETURN_TYPE = YES_ERROR;
				GCC_WARN_UNDECLARED_SELECTOR = YES;
				GCC_WARN_UNINITIALIZED_AUTOS = YES_AGGRESSIVE;
				GCC_WARN_UNUSED_FUNCTION = YES;
				GCC_WARN_UNUSED_VARIABLE = YES;
				IPHONEOS_DEPLOYMENT_TARGET = 13.4;
				MTL_ENABLE_DEBUG_INFO = INCLUDE_SOURCE;
				MTL_FAST_MATH = YES;
				ONLY_ACTIVE_ARCH = YES;
				SDKROOT = iphoneos;
				SWIFT_ACTIVE_COMPILATION_CONDITIONS = DEBUG;
				SWIFT_OPTIMIZATION_LEVEL = "-Onone";
			};
			name = Debug;
		};
		64871D6228A989C30004B773 /* Release */ = {
			isa = XCBuildConfiguration;
			buildSettings = {
				ALWAYS_SEARCH_USER_PATHS = NO;
				CLANG_ANALYZER_LOCALIZABILITY_NONLOCALIZED = YES;
				CLANG_ANALYZER_NONNULL = YES;
				CLANG_ANALYZER_NUMBER_OBJECT_CONVERSION = YES_AGGRESSIVE;
				CLANG_CXX_LANGUAGE_STANDARD = "gnu++17";
				CLANG_ENABLE_MODULES = YES;
				CLANG_ENABLE_OBJC_ARC = YES;
				CLANG_ENABLE_OBJC_WEAK = YES;
				CLANG_WARN_BLOCK_CAPTURE_AUTORELEASING = YES;
				CLANG_WARN_BOOL_CONVERSION = YES;
				CLANG_WARN_COMMA = YES;
				CLANG_WARN_CONSTANT_CONVERSION = YES;
				CLANG_WARN_DEPRECATED_OBJC_IMPLEMENTATIONS = YES;
				CLANG_WARN_DIRECT_OBJC_ISA_USAGE = YES_ERROR;
				CLANG_WARN_DOCUMENTATION_COMMENTS = YES;
				CLANG_WARN_EMPTY_BODY = YES;
				CLANG_WARN_ENUM_CONVERSION = YES;
				CLANG_WARN_INFINITE_RECURSION = YES;
				CLANG_WARN_INT_CONVERSION = YES;
				CLANG_WARN_NON_LITERAL_NULL_CONVERSION = YES;
				CLANG_WARN_OBJC_IMPLICIT_RETAIN_SELF = YES;
				CLANG_WARN_OBJC_LITERAL_CONVERSION = YES;
				CLANG_WARN_OBJC_ROOT_CLASS = YES_ERROR;
				CLANG_WARN_QUOTED_INCLUDE_IN_FRAMEWORK_HEADER = YES;
				CLANG_WARN_RANGE_LOOP_ANALYSIS = YES;
				CLANG_WARN_STRICT_PROTOTYPES = YES;
				CLANG_WARN_SUSPICIOUS_MOVE = YES;
				CLANG_WARN_UNGUARDED_AVAILABILITY = YES_AGGRESSIVE;
				CLANG_WARN_UNREACHABLE_CODE = YES;
				CLANG_WARN__DUPLICATE_METHOD_MATCH = YES;
				COPY_PHASE_STRIP = NO;
				DEBUG_INFORMATION_FORMAT = "dwarf-with-dsym";
				ENABLE_NS_ASSERTIONS = NO;
				ENABLE_STRICT_OBJC_MSGSEND = YES;
				GCC_C_LANGUAGE_STANDARD = gnu11;
				GCC_NO_COMMON_BLOCKS = YES;
				GCC_WARN_64_TO_32_BIT_CONVERSION = YES;
				GCC_WARN_ABOUT_RETURN_TYPE = YES_ERROR;
				GCC_WARN_UNDECLARED_SELECTOR = YES;
				GCC_WARN_UNINITIALIZED_AUTOS = YES_AGGRESSIVE;
				GCC_WARN_UNUSED_FUNCTION = YES;
				GCC_WARN_UNUSED_VARIABLE = YES;
				IPHONEOS_DEPLOYMENT_TARGET = 13.4;
				MTL_ENABLE_DEBUG_INFO = NO;
				MTL_FAST_MATH = YES;
				SDKROOT = iphoneos;
				SWIFT_COMPILATION_MODE = wholemodule;
				SWIFT_OPTIMIZATION_LEVEL = "-O";
				VALIDATE_PRODUCT = YES;
			};
			name = Release;
		};
		64871D6428A989C30004B773 /* Debug */ = {
			isa = XCBuildConfiguration;
			baseConfigurationReference = 433FC07363D81E5A1D472859 /* Pods-SpyGameiOS.debug.xcconfig */;
			buildSettings = {
				ASSETCATALOG_COMPILER_APPICON_NAME = AppIcon;
				ASSETCATALOG_COMPILER_GLOBAL_ACCENT_COLOR_NAME = AccentColor;
				CODE_SIGN_IDENTITY = "Apple Development";
				CODE_SIGN_STYLE = Automatic;
				CURRENT_PROJECT_VERSION = 1;
				DEVELOPMENT_TEAM = 598487U66T;
				GENERATE_INFOPLIST_FILE = YES;
				INFOPLIST_FILE = SpyGameiOS/Info.plist;
				INFOPLIST_KEY_CFBundleDisplayName = "${PRODUCT_NAME}";
				INFOPLIST_KEY_UIApplicationSupportsIndirectInputEvents = YES;
				INFOPLIST_KEY_UILaunchStoryboardName = LaunchScreen;
				INFOPLIST_KEY_UISupportedInterfaceOrientations = UIInterfaceOrientationPortrait;
				INFOPLIST_KEY_UISupportedInterfaceOrientations_iPad = "UIInterfaceOrientationPortrait UIInterfaceOrientationPortraitUpsideDown UIInterfaceOrientationLandscapeLeft UIInterfaceOrientationLandscapeRight";
				INFOPLIST_KEY_UISupportedInterfaceOrientations_iPhone = "UIInterfaceOrientationPortrait UIInterfaceOrientationLandscapeLeft UIInterfaceOrientationLandscapeRight";
				LD_RUNPATH_SEARCH_PATHS = (
					"$(inherited)",
					"@executable_path/Frameworks",
				);
				MARKETING_VERSION = 1.0;
				PRODUCT_BUNDLE_IDENTIFIER = ru.curepool.SpyGameiOS;
				PRODUCT_NAME = "$(TARGET_NAME)";
				PROVISIONING_PROFILE_SPECIFIER = "";
				SWIFT_EMIT_LOC_STRINGS = YES;
				SWIFT_VERSION = 5.0;
				TARGETED_DEVICE_FAMILY = "1,2";
			};
			name = Debug;
		};
		64871D6528A989C30004B773 /* Release */ = {
			isa = XCBuildConfiguration;
			baseConfigurationReference = 4360E8475BB1DFC6325BDD72 /* Pods-SpyGameiOS.release.xcconfig */;
			buildSettings = {
				ASSETCATALOG_COMPILER_APPICON_NAME = AppIcon;
				ASSETCATALOG_COMPILER_GLOBAL_ACCENT_COLOR_NAME = AccentColor;
				CODE_SIGN_IDENTITY = "Apple Development";
				CODE_SIGN_STYLE = Automatic;
				CURRENT_PROJECT_VERSION = 1;
				DEVELOPMENT_TEAM = 598487U66T;
				GENERATE_INFOPLIST_FILE = YES;
				INFOPLIST_FILE = SpyGameiOS/Info.plist;
				INFOPLIST_KEY_CFBundleDisplayName = "${PRODUCT_NAME}";
				INFOPLIST_KEY_UIApplicationSupportsIndirectInputEvents = YES;
				INFOPLIST_KEY_UILaunchStoryboardName = LaunchScreen;
				INFOPLIST_KEY_UISupportedInterfaceOrientations = UIInterfaceOrientationPortrait;
				INFOPLIST_KEY_UISupportedInterfaceOrientations_iPad = "UIInterfaceOrientationPortrait UIInterfaceOrientationPortraitUpsideDown UIInterfaceOrientationLandscapeLeft UIInterfaceOrientationLandscapeRight";
				INFOPLIST_KEY_UISupportedInterfaceOrientations_iPhone = "UIInterfaceOrientationPortrait UIInterfaceOrientationLandscapeLeft UIInterfaceOrientationLandscapeRight";
				LD_RUNPATH_SEARCH_PATHS = (
					"$(inherited)",
					"@executable_path/Frameworks",
				);
				MARKETING_VERSION = 1.0;
				PRODUCT_BUNDLE_IDENTIFIER = ru.curepool.SpyGameiOS;
				PRODUCT_NAME = "$(TARGET_NAME)";
				PROVISIONING_PROFILE_SPECIFIER = "";
				SWIFT_EMIT_LOC_STRINGS = YES;
				SWIFT_VERSION = 5.0;
				TARGETED_DEVICE_FAMILY = "1,2";
			};
			name = Release;
		};
/* End XCBuildConfiguration section */

/* Begin XCConfigurationList section */
		64871D4728A989C00004B773 /* Build configuration list for PBXProject "SpyGameiOS" */ = {
			isa = XCConfigurationList;
			buildConfigurations = (
				64871D6128A989C30004B773 /* Debug */,
				64871D6228A989C30004B773 /* Release */,
			);
			defaultConfigurationIsVisible = 0;
			defaultConfigurationName = Release;
		};
		64871D6328A989C30004B773 /* Build configuration list for PBXNativeTarget "SpyGameiOS" */ = {
			isa = XCConfigurationList;
			buildConfigurations = (
				64871D6428A989C30004B773 /* Debug */,
				64871D6528A989C30004B773 /* Release */,
			);
			defaultConfigurationIsVisible = 0;
			defaultConfigurationName = Release;
		};
/* End XCConfigurationList section */

/* Begin XCVersionGroup section */
		64871D5828A989C00004B773 /* SpyGameiOS.xcdatamodeld */ = {
			isa = XCVersionGroup;
			children = (
				64871D5928A989C00004B773 /* SpyGameiOS.xcdatamodel */,
			);
			currentVersion = 64871D5928A989C00004B773 /* SpyGameiOS.xcdatamodel */;
			path = SpyGameiOS.xcdatamodeld;
			sourceTree = "<group>";
			versionGroupType = wrapper.xcdatamodel;
		};
/* End XCVersionGroup section */
	};
	rootObject = 64871D4428A989C00004B773 /* Project object */;
}
