PODS:
  - SnapKit (5.6.0)
  - SwiftGen (6.6.1)

DEPENDENCIES:
  - SnapKit (= 5.6.0)
  - SwiftGen

SPEC REPOS:
  trunk:
    - SnapKit
    - SwiftGen

SPEC CHECKSUMS:
  SnapKit: e01d52ebb8ddbc333eefe2132acf85c8227d9c25
  SwiftGen: 787181d7895fa2f5e7313d05de92c387010149c2

PODFILE CHECKSUM: edd3fda3ec607fcdf11757974c21b8bfbbd4f484

COCOAPODS: 1.14.3
